{
	"name": "remix-v3-alpha-4",
	"version": "0.0.0",
	"lockfileVersion": 3,
	"requires": true,
	"packages": {
		"": {
			"name": "remix-v3-alpha-4",
			"version": "0.0.0",
			"dependencies": {
				"remix": "3.0.0-alpha.4"
			},
			"devDependencies": {
				"@biomejs/biome": "2.3.5",
				"typescript": "~5.9.3",
				"vite": "^8.0.3"
			}
		},
		"node_modules/@biomejs/biome": {
			"version": "2.3.5",
			"resolved": "https://registry.npmjs.org/@biomejs/biome/-/biome-2.3.5.tgz",
			"integrity": "sha512-HvLhNlIlBIbAV77VysRIBEwp55oM/QAjQEin74QQX9Xb259/XP/D5AGGnZMOyF1el4zcvlNYYR3AyTMUV3ILhg==",
			"dev": true,
			"license": "MIT OR Apache-2.0",
			"bin": {
				"biome": "bin/biome"
			},
			"engines": {
				"node": ">=14.21.3"
			},
			"funding": {
				"type": "opencollective",
				"url": "https://opencollective.com/biome"
			},
			"optionalDependencies": {
				"@biomejs/cli-darwin-arm64": "2.3.5",
				"@biomejs/cli-darwin-x64": "2.3.5",
				"@biomejs/cli-linux-arm64": "2.3.5",
				"@biomejs/cli-linux-arm64-musl": "2.3.5",
				"@biomejs/cli-linux-x64": "2.3.5",
				"@biomejs/cli-linux-x64-musl": "2.3.5",
				"@biomejs/cli-win32-arm64": "2.3.5",
				"@biomejs/cli-win32-x64": "2.3.5"
			}
		},
		"node_modules/@biomejs/cli-darwin-arm64": {
			"version": "2.3.5",
			"resolved": "https://registry.npmjs.org/@biomejs/cli-darwin-arm64/-/cli-darwin-arm64-2.3.5.tgz",
			"integrity": "sha512-fLdTur8cJU33HxHUUsii3GLx/TR0BsfQx8FkeqIiW33cGMtUD56fAtrh+2Fx1uhiCsVZlFh6iLKUU3pniZREQw==",
			"cpu": [
				"arm64"
			],
			"dev": true,
			"license": "MIT OR Apache-2.0",
			"optional": true,
			"os": [
				"darwin"
			],
			"engines": {
				"node": ">=14.21.3"
			}
		},
		"node_modules/@biomejs/cli-darwin-x64": {
			"version": "2.3.5",
			"resolved": "https://registry.npmjs.org/@biomejs/cli-darwin-x64/-/cli-darwin-x64-2.3.5.tgz",
			"integrity": "sha512-qpT8XDqeUlzrOW8zb4k3tjhT7rmvVRumhi2657I2aGcY4B+Ft5fNwDdZGACzn8zj7/K1fdWjgwYE3i2mSZ+vOA==",
			"cpu": [
				"x64"
			],
			"dev": true,
			"license": "MIT OR Apache-2.0",
			"optional": true,
			"os": [
				"darwin"
			],
			"engines": {
				"node": ">=14.21.3"
			}
		},
		"node_modules/@biomejs/cli-linux-arm64": {
			"version": "2.3.5",
			"resolved": "https://registry.npmjs.org/@biomejs/cli-linux-arm64/-/cli-linux-arm64-2.3.5.tgz",
			"integrity": "sha512-u/pybjTBPGBHB66ku4pK1gj+Dxgx7/+Z0jAriZISPX1ocTO8aHh8x8e7Kb1rB4Ms0nA/SzjtNOVJ4exVavQBCw==",
			"cpu": [
				"arm64"
			],
			"dev": true,
			"license": "MIT OR Apache-2.0",
			"optional": true,
			"os": [
				"linux"
			],
			"engines": {
				"node": ">=14.21.3"
			}
		},
		"node_modules/@biomejs/cli-linux-arm64-musl": {
			"version": "2.3.5",
			"resolved": "https://registry.npmjs.org/@biomejs/cli-linux-arm64-musl/-/cli-linux-arm64-musl-2.3.5.tgz",
			"integrity": "sha512-eGUG7+hcLgGnMNl1KHVZUYxahYAhC462jF/wQolqu4qso2MSk32Q+QrpN7eN4jAHAg7FUMIo897muIhK4hXhqg==",
			"cpu": [
				"arm64"
			],
			"dev": true,
			"license": "MIT OR Apache-2.0",
			"optional": true,
			"os": [
				"linux"
			],
			"engines": {
				"node": ">=14.21.3"
			}
		},
		"node_modules/@biomejs/cli-linux-x64": {
			"version": "2.3.5",
			"resolved": "https://registry.npmjs.org/@biomejs/cli-linux-x64/-/cli-linux-x64-2.3.5.tgz",
			"integrity": "sha512-XrIVi9YAW6ye0CGQ+yax0gLfx+BFOtKaNX74n+xHWla6Cl6huUmcKNO7HPx7BiKnJUzrxXY1qYlm7xMvi08X4g==",
			"cpu": [
				"x64"
			],
			"dev": true,
			"license": "MIT OR Apache-2.0",
			"optional": true,
			"os": [
				"linux"
			],
			"engines": {
				"node": ">=14.21.3"
			}
		},
		"node_modules/@biomejs/cli-linux-x64-musl": {
			"version": "2.3.5",
			"resolved": "https://registry.npmjs.org/@biomejs/cli-linux-x64-musl/-/cli-linux-x64-musl-2.3.5.tgz",
			"integrity": "sha512-awVuycTPpVTH/+WDVnEEYSf6nbCBHf/4wB3lquwT7puhNg8R4XvonWNZzUsfHZrCkjkLhFH/vCZK5jHatD9FEg==",
			"cpu": [
				"x64"
			],
			"dev": true,
			"license": "MIT OR Apache-2.0",
			"optional": true,
			"os": [
				"linux"
			],
			"engines": {
				"node": ">=14.21.3"
			}
		},
		"node_modules/@biomejs/cli-win32-arm64": {
			"version": "2.3.5",
			"resolved": "https://registry.npmjs.org/@biomejs/cli-win32-arm64/-/cli-win32-arm64-2.3.5.tgz",
			"integrity": "sha512-DlBiMlBZZ9eIq4H7RimDSGsYcOtfOIfZOaI5CqsWiSlbTfqbPVfWtCf92wNzx8GNMbu1s7/g3ZZESr6+GwM/SA==",
			"cpu": [
				"arm64"
			],
			"dev": true,
			"license": "MIT OR Apache-2.0",
			"optional": true,
			"os": [
				"win32"
			],
			"engines": {
				"node": ">=14.21.3"
			}
		},
		"node_modules/@biomejs/cli-win32-x64": {
			"version": "2.3.5",
			"resolved": "https://registry.npmjs.org/@biomejs/cli-win32-x64/-/cli-win32-x64-2.3.5.tgz",
			"integrity": "sha512-nUmR8gb6yvrKhtRgzwo/gDimPwnO5a4sCydf8ZS2kHIJhEmSmk+STsusr1LHTuM//wXppBawvSQi2xFXJCdgKQ==",
			"cpu": [
				"x64"
			],
			"dev": true,
			"license": "MIT OR Apache-2.0",
			"optional": true,
			"os": [
				"win32"
			],
			"engines": {
				"node": ">=14.21.3"
			}
		},
		"node_modules/@napi-rs/wasm-runtime": {
			"version": "1.1.2",
			"resolved": "https://registry.npmjs.org/@napi-rs/wasm-runtime/-/wasm-runtime-1.1.2.tgz",
			"integrity": "sha512-sNXv5oLJ7ob93xkZ1XnxisYhGYXfaG9f65/ZgYuAu3qt7b3NadcOEhLvx28hv31PgX8SZJRYrAIPQilQmFpLVw==",
			"dev": true,
			"license": "MIT",
			"optional": true,
			"dependencies": {
				"@tybys/wasm-util": "^0.10.1"
			},
			"funding": {
				"type": "github",
				"url": "https://github.com/sponsors/Brooooooklyn"
			},
			"peerDependencies": {
				"@emnapi/core": "^1.7.1",
				"@emnapi/runtime": "^1.7.1"
			}
		},
		"node_modules/@oxc-project/types": {
			"version": "0.122.0",
			"resolved": "https://registry.npmjs.org/@oxc-project/types/-/types-0.122.0.tgz",
			"integrity": "sha512-oLAl5kBpV4w69UtFZ9xqcmTi+GENWOcPF7FCrczTiBbmC0ibXxCwyvZGbO39rCVEuLGAZM84DH0pUIyyv/YJzA==",
			"dev": true,
			"license": "MIT",
			"funding": {
				"url": "https://github.com/sponsors/Boshen"
			}
		},
		"node_modules/@remix-run/async-context-middleware": {
			"version": "0.2.0",
			"resolved": "https://registry.npmjs.org/@remix-run/async-context-middleware/-/async-context-middleware-0.2.0.tgz",
			"integrity": "sha512-ebnPM2OFM/BO3GSoRKs2i5+lgY/fIunzpL8/RhuEuP9a04cQYXMbEzbdae+qBHTgtsVdPrqeGr/lwlF5FNnQZA==",
			"license": "MIT",
			"dependencies": {
				"@remix-run/fetch-router": "^0.18.0"
			}
		},
		"node_modules/@remix-run/auth": {
			"version": "0.1.0",
			"resolved": "https://registry.npmjs.org/@remix-run/auth/-/auth-0.1.0.tgz",
			"integrity": "sha512-TFsK40jymT7iZyGWOjoqlFFmILdDXy3jYBoI1mohjdqrp8SVWbm7htiSbdd+j8DGBUEbxMTvKcaVG0bPA1M8VA==",
			"license": "MIT",
			"dependencies": {
				"@remix-run/fetch-router": "^0.18.0",
				"@remix-run/session": "^0.4.1"
			}
		},
		"node_modules/@remix-run/auth-middleware": {
			"version": "0.1.0",
			"resolved": "https://registry.npmjs.org/@remix-run/auth-middleware/-/auth-middleware-0.1.0.tgz",
			"integrity": "sha512-QZlI4MyU8VTVI6WB4T4MWWqtbYrIUiiBG3mgdJUXjEYMBBoxVAkT/6rT3YErmhX+SVARP2zC46qzujrbYcQLCQ==",
			"license": "MIT",
			"dependencies": {
				"@remix-run/fetch-router": "^0.18.0",
				"@remix-run/session": "^0.4.1"
			}
		},
		"node_modules/@remix-run/component": {
			"version": "0.6.0",
			"resolved": "https://registry.npmjs.org/@remix-run/component/-/component-0.6.0.tgz",
			"integrity": "sha512-hmIUdPnBtONeOH8bbLuOVGSgFD/MAUNvpH0Xwgo27GByBIjQhOm25Tt9R04HQslDhHAzwNVnWeQkr3j9eyXYhQ==",
			"license": "MIT",
			"dependencies": {
				"@types/dom-navigation": "^1.0.7"
			}
		},
		"node_modules/@remix-run/compression-middleware": {
			"version": "0.1.4",
			"resolved": "https://registry.npmjs.org/@remix-run/compression-middleware/-/compression-middleware-0.1.4.tgz",
			"integrity": "sha512-vE+d4a04Tq9fO5KBmNtMD5GKJEt6U++B1yufEdBMNe5ROBQkpPWSuKlhkRcZyoV8SPEI2HbkKMtQ8QXfGJR11g==",
			"license": "MIT",
			"dependencies": {
				"@remix-run/fetch-router": "^0.18.0",
				"@remix-run/mime": "^0.4.0",
				"@remix-run/response": "^0.3.2"
			}
		},
		"node_modules/@remix-run/cookie": {
			"version": "0.5.1",
			"resolved": "https://registry.npmjs.org/@remix-run/cookie/-/cookie-0.5.1.tgz",
			"integrity": "sha512-gbeZfVd1AKRlFj3IJWcIcR6zqVGz2XGJhR+mcqYiWnYt6KM8oUGtc82dsc4qZnWWA1f0nM4/He9wrU4GjB0pag==",
			"license": "MIT",
			"dependencies": {
				"@remix-run/headers": "^0.19.0"
			}
		},
		"node_modules/@remix-run/cop-middleware": {
			"version": "0.1.0",
			"resolved": "https://registry.npmjs.org/@remix-run/cop-middleware/-/cop-middleware-0.1.0.tgz",
			"integrity": "sha512-5rMNrBswTJJLPsu1nUfXubgVf7XBTRfPNfd/4QQHaXRdhXVWVxU9HbNJrOjd7iNbBWuZeaJxSdDepbQLnuBkTg==",
			"license": "MIT",
			"dependencies": {
				"@remix-run/fetch-router": "^0.18.0"
			}
		},
		"node_modules/@remix-run/cors-middleware": {
			"version": "0.1.0",
			"resolved": "https://registry.npmjs.org/@remix-run/cors-middleware/-/cors-middleware-0.1.0.tgz",
			"integrity": "sha512-x5nyxDhWEOnznqetDhtj5WYoHrKpbiZ8K6BCGQ2+DFjLYHoyWCayciUNrqOVSIWc5XdV6KlKHcg1TyQvW/cS4w==",
			"license": "MIT",
			"dependencies": {
				"@remix-run/fetch-router": "^0.18.0",
				"@remix-run/headers": "^0.19.0"
			}
		},
		"node_modules/@remix-run/csrf-middleware": {
			"version": "0.1.0",
			"resolved": "https://registry.npmjs.org/@remix-run/csrf-middleware/-/csrf-middleware-0.1.0.tgz",
			"integrity": "sha512-EZAV9UZrx3qdYu3ov9NgFVJchw6kOLYI2uRB+e3WBVW1phruHKc42EpdJIZ6fU0J9Of0Lfo4X4VTM7O1/u1cWw==",
			"license": "MIT",
			"dependencies": {
				"@remix-run/fetch-router": "^0.18.0",
				"@remix-run/session": "^0.4.1"
			}
		},
		"node_modules/@remix-run/data-schema": {
			"version": "0.2.0",
			"resolved": "https://registry.npmjs.org/@remix-run/data-schema/-/data-schema-0.2.0.tgz",
			"integrity": "sha512-bXgdWcWZS6TkbVO9Piwn035iw0LczfSTFrCW4Vd1k57x/4j3eWZwfHBr3lXdw5whefacs3m3pVZ8RUiu8NtBeA==",
			"license": "MIT",
			"dependencies": {
				"@standard-schema/spec": "^1.1.0"
			}
		},
		"node_modules/@remix-run/data-table": {
			"version": "0.2.0",
			"resolved": "https://registry.npmjs.org/@remix-run/data-table/-/data-table-0.2.0.tgz",
			"integrity": "sha512-6QbdlKER0F0rX3XkTHC7ZPBgu/dyGvvgrKRbraBD9iGHTE7AED1emo3/YWsDJUeFzy7INNJaUIpNm9jNcgL8Kg==",
			"license": "MIT"
		},
		"node_modules/@remix-run/data-table-mysql": {
			"version": "0.2.0",
			"resolved": "https://registry.npmjs.org/@remix-run/data-table-mysql/-/data-table-mysql-0.2.0.tgz",
			"integrity": "sha512-voTcYUjG12PWlrWIYSqoa+C3WK9Q6TVKPrqnvGKY9s6EVBil9e+glaP2JOM8BbzL0hGuKPifdbrDGfGpGitdQw==",
			"license": "MIT",
			"dependencies": {
				"@remix-run/data-table": "^0.2.0"
			},
			"peerDependencies": {
				"mysql2": "^3.15.3"
			},
			"peerDependenciesMeta": {
				"mysql2": {
					"optional": true
				}
			}
		},
		"node_modules/@remix-run/data-table-postgres": {
			"version": "0.2.0",
			"resolved": "https://registry.npmjs.org/@remix-run/data-table-postgres/-/data-table-postgres-0.2.0.tgz",
			"integrity": "sha512-03v+zpWL4lMJr34PZ76PWFpjIa4K6Uq3NLBqyvN4ojPpm6J7TGsFwPy6sInRm3HjoS4gPSCEmmQ7dUovWa58EA==",
			"license": "MIT",
			"dependencies": {
				"@remix-run/data-table": "^0.2.0"
			},
			"peerDependencies": {
				"pg": "^8.16.3"
			},
			"peerDependenciesMeta": {
				"pg": {
					"optional": true
				}
			}
		},
		"node_modules/@remix-run/data-table-sqlite": {
			"version": "0.2.0",
			"resolved": "https://registry.npmjs.org/@remix-run/data-table-sqlite/-/data-table-sqlite-0.2.0.tgz",
			"integrity": "sha512-TAQ0u8YnmO3WdnuZULPhc+fgZbKZZPutXiPLf8c9NDhXSC41FlcvfQHTKUxBPVhqdi9mhGiblHHNp6BsVu11dg==",
			"license": "MIT",
			"dependencies": {
				"@remix-run/data-table": "^0.2.0"
			},
			"peerDependencies": {
				"better-sqlite3": "^12.4.1"
			},
			"peerDependenciesMeta": {
				"better-sqlite3": {
					"optional": true
				}
			}
		},
		"node_modules/@remix-run/fetch-proxy": {
			"version": "0.7.1",
			"resolved": "https://registry.npmjs.org/@remix-run/fetch-proxy/-/fetch-proxy-0.7.1.tgz",
			"integrity": "sha512-rPLfOpAaCXtm1dLI45uIPKERNbXbrh0P9AJc1sliz8pWd/McaFYjdr5KzB4QrFSfPvEt/Wmy6F2521qB1kK0ug==",
			"license": "MIT",
			"dependencies": {
				"@remix-run/headers": "^0.19.0"
			}
		},
		"node_modules/@remix-run/fetch-router": {
			"version": "0.18.0",
			"resolved": "https://registry.npmjs.org/@remix-run/fetch-router/-/fetch-router-0.18.0.tgz",
			"integrity": "sha512-9Z4JgLH9/jD8jiVvAY9LZR+VoZxPJOQ7pENTBJoSo91PZOkPXfCxQWhPhAwYCP8z+/0FV4ZWSg1DmPPoU2f0UQ==",
			"license": "MIT",
			"dependencies": {
				"@remix-run/route-pattern": "^0.20.0"
			}
		},
		"node_modules/@remix-run/file-storage": {
			"version": "0.13.3",
			"resolved": "https://registry.npmjs.org/@remix-run/file-storage/-/file-storage-0.13.3.tgz",
			"integrity": "sha512-HBDz9RRsFRvI6EoeasklxH/NleGy0QZBXBcA4gQBW8ueucop21TQI4wvGlhZmXcnJ3nP4RkhdF2Gff2/HD5eiA==",
			"license": "MIT",
			"dependencies": {
				"@remix-run/fs": "^0.4.2",
				"@remix-run/lazy-file": "^5.0.2"
			}
		},
		"node_modules/@remix-run/file-storage-s3": {
			"version": "0.1.0",
			"resolved": "https://registry.npmjs.org/@remix-run/file-storage-s3/-/file-storage-s3-0.1.0.tgz",
			"integrity": "sha512-r80An7nSFidK/0xn9O9/HxfUcgxVpM4kprnTGr6pGhKdgbaTCEtA+U5ETYGfeedFxhDcT+7ue+4Fv/VxeIvFwQ==",
			"license": "MIT",
			"dependencies": {
				"@remix-run/file-storage": "^0.13.3",
				"aws4fetch": "^1.0.20"
			}
		},
		"node_modules/@remix-run/form-data-middleware": {
			"version": "0.2.0",
			"resolved": "https://registry.npmjs.org/@remix-run/form-data-middleware/-/form-data-middleware-0.2.0.tgz",
			"integrity": "sha512-oaBcYvyP/U2GrDdFyQUh2pNCshvKwPFBoUup1Bz3NHnMzym4OkZJgaBi4o7HIJC33QudnqI7Mp7TW1pRg0CvIA==",
			"license": "MIT",
			"dependencies": {
				"@remix-run/fetch-router": "^0.18.0",
				"@remix-run/form-data-parser": "^0.16.0"
			}
		},
		"node_modules/@remix-run/form-data-parser": {
			"version": "0.16.0",
			"resolved": "https://registry.npmjs.org/@remix-run/form-data-parser/-/form-data-parser-0.16.0.tgz",
			"integrity": "sha512-k4QCgCyPURpqe+9Rual1GBJ8Ab6ri82Clfh5ooxq03jKQ1TyQZT5xh+XP0R05+Bqg5bzAZl7r2BpmDEvfoRTWw==",
			"license": "MIT",
			"dependencies": {
				"@remix-run/multipart-parser": "^0.15.0"
			}
		},
		"node_modules/@remix-run/fs": {
			"version": "0.4.2",
			"resolved": "https://registry.npmjs.org/@remix-run/fs/-/fs-0.4.2.tgz",
			"integrity": "sha512-z3W2L+iUwgZ7i0S379SYQ8veOe2Weqs+JajmyTCqSVzbmMUniH3qQ6SAYr3FjbrKtLLWHN3SpK4XtFv57VzbLA==",
			"license": "MIT",
			"dependencies": {
				"@remix-run/lazy-file": "^5.0.2",
				"@remix-run/mime": "^0.4.0"
			}
		},
		"node_modules/@remix-run/headers": {
			"version": "0.19.0",
			"resolved": "https://registry.npmjs.org/@remix-run/headers/-/headers-0.19.0.tgz",
			"integrity": "sha512-+62NbkXuXm9r/NdG6KfH9OCKofCWm8VjkrVPICiHKtRl8Gf2Vi6eFTN4mGgBlZRhd5mmEVRV4hTIn/JUSHDAOw==",
			"license": "MIT"
		},
		"node_modules/@remix-run/html-template": {
			"version": "0.3.0",
			"resolved": "https://registry.npmjs.org/@remix-run/html-template/-/html-template-0.3.0.tgz",
			"integrity": "sha512-aAMx68udtIk0fmCpCXHYscVeCDsRVEmEgh4XvtusPr3vkHu3jn4gx5oAxgsPXPdDmmD/d75SYyI0m/F+aLz5iQ==",
			"license": "MIT"
		},
		"node_modules/@remix-run/lazy-file": {
			"version": "5.0.2",
			"resolved": "https://registry.npmjs.org/@remix-run/lazy-file/-/lazy-file-5.0.2.tgz",
			"integrity": "sha512-52Bo5dTV+EDwrUMS3mjeR+Sly85aHeN3fnNTeaflqzlCMWJwr2pX+y6/3mTDtRdxmTWF1MGQAoeayzfPb4zZJg==",
			"license": "MIT",
			"dependencies": {
				"@remix-run/mime": "^0.4.0"
			}
		},
		"node_modules/@remix-run/logger-middleware": {
			"version": "0.1.4",
			"resolved": "https://registry.npmjs.org/@remix-run/logger-middleware/-/logger-middleware-0.1.4.tgz",
			"integrity": "sha512-gFDyYn8o5ddjQoEbrc8CK6PPq3lzrOX6BCqlvM+QVTMJ5/2aHgfMbQdXnWtbeiWJJrpODpABrSNfjLkHjaK4og==",
			"license": "MIT",
			"dependencies": {
				"@remix-run/fetch-router": "^0.18.0"
			}
		},
		"node_modules/@remix-run/method-override-middleware": {
			"version": "0.1.5",
			"resolved": "https://registry.npmjs.org/@remix-run/method-override-middleware/-/method-override-middleware-0.1.5.tgz",
			"integrity": "sha512-HYQG6YR4l0rYMJ0MXth9SWfeSCwnqHIrWgMQpZHKS/MT7roX7EAfknrl9vzjQWsVfkwl6RrSD30SrLPONj3tsg==",
			"license": "MIT",
			"dependencies": {
				"@remix-run/fetch-router": "^0.18.0"
			}
		},
		"node_modules/@remix-run/mime": {
			"version": "0.4.0",
			"resolved": "https://registry.npmjs.org/@remix-run/mime/-/mime-0.4.0.tgz",
			"integrity": "sha512-O6TcTL6CtuX82Q8BHqAere5O+0hYcrzSgY9whsDOBuqbW753Rczprs2jYw3qCDSo0kLxykW4ys3qgZcdgZ+chw==",
			"license": "MIT"
		},
		"node_modules/@remix-run/multipart-parser": {
			"version": "0.15.0",
			"resolved": "https://registry.npmjs.org/@remix-run/multipart-parser/-/multipart-parser-0.15.0.tgz",
			"integrity": "sha512-/Ugo6k2bN7gh7Ybyhe7R/NrkD075fHrEfVf17P+NNC9rlWHBQCOSyJ4V8n4wtoG8umeImagU/AuHuUuTwzvHww==",
			"license": "MIT",
			"dependencies": {
				"@remix-run/headers": "^0.19.0"
			}
		},
		"node_modules/@remix-run/node-fetch-server": {
			"version": "0.13.0",
			"resolved": "https://registry.npmjs.org/@remix-run/node-fetch-server/-/node-fetch-server-0.13.0.tgz",
			"integrity": "sha512-1EsNo0ZpgXu/90AWoRZf/oE3RVTUS80tiTUpt+hv5pjtAkw7icN4WskDwz/KdAw5ARbJLMhZBrO1NqThmy/McA==",
			"license": "MIT"
		},
		"node_modules/@remix-run/response": {
			"version": "0.3.2",
			"resolved": "https://registry.npmjs.org/@remix-run/response/-/response-0.3.2.tgz",
			"integrity": "sha512-GkFqVq5E7Do6rMKTBjgoNyJlrsLrqYg+TDlCDrXoZ3v8O2RlSI14+bCF8lGQHy15DWX2pizVj6R0e6NmjcuLuA==",
			"license": "MIT",
			"dependencies": {
				"@remix-run/headers": "^0.19.0",
				"@remix-run/html-template": "^0.3.0",
				"@remix-run/mime": "^0.4.0"
			}
		},
		"node_modules/@remix-run/route-pattern": {
			"version": "0.20.0",
			"resolved": "https://registry.npmjs.org/@remix-run/route-pattern/-/route-pattern-0.20.0.tgz",
			"integrity": "sha512-TEdJ5eFn40St26oyaRYGI1FWeXDvlEzkbvollM8Xit0qIuDFyFG03Okvvfc1s8KgR9sYULDPjxJIzk6xvIRR9A==",
			"license": "MIT"
		},
		"node_modules/@remix-run/session": {
			"version": "0.4.1",
			"resolved": "https://registry.npmjs.org/@remix-run/session/-/session-0.4.1.tgz",
			"integrity": "sha512-Bm6aKYgutb/raHZ3laloz8g/Qu7f3CeK3o4gUVDMxtEiAdWCzJamwHoTpGOc5+g1Kuy7z85v4M6nGrF06MFDSg==",
			"license": "MIT"
		},
		"node_modules/@remix-run/session-middleware": {
			"version": "0.2.0",
			"resolved": "https://registry.npmjs.org/@remix-run/session-middleware/-/session-middleware-0.2.0.tgz",
			"integrity": "sha512-kRAr0inELyXeOnUhlaM/eKIe9x1RZsOGbglb7Keb1+Lf6KxWxNMwv1ymmHBfae2ossjQTN/QUaABwQgX/uk3DQ==",
			"license": "MIT",
			"dependencies": {
				"@remix-run/cookie": "^0.5.1",
				"@remix-run/fetch-router": "^0.18.0",
				"@remix-run/session": "^0.4.1"
			}
		},
		"node_modules/@remix-run/session-storage-memcache": {
			"version": "0.1.0",
			"resolved": "https://registry.npmjs.org/@remix-run/session-storage-memcache/-/session-storage-memcache-0.1.0.tgz",
			"integrity": "sha512-k853rpHncdTJUwdk0hqd+gZ2OONZLNdOUJBKdJB+MehxrVv1TtacDnA+Xs3kh+IVwUrsTmBhED+GHSUocMATUg==",
			"license": "MIT",
			"dependencies": {
				"@remix-run/session": "^0.4.1"
			}
		},
		"node_modules/@remix-run/session-storage-redis": {
			"version": "0.1.0",
			"resolved": "https://registry.npmjs.org/@remix-run/session-storage-redis/-/session-storage-redis-0.1.0.tgz",
			"integrity": "sha512-MovUS1E98wDHP8zsESJGm3ySB7iiOhd+3usxyXXM2sbF9gIe6r1bdAXXirGIoC8AEq1v8IiFE5u5ipo7PX0UHQ==",
			"license": "MIT",
			"dependencies": {
				"@remix-run/session": "^0.4.1"
			},
			"peerDependencies": {
				"redis": "^5.10.0"
			},
			"peerDependenciesMeta": {
				"redis": {
					"optional": true
				}
			}
		},
		"node_modules/@remix-run/static-middleware": {
			"version": "0.4.5",
			"resolved": "https://registry.npmjs.org/@remix-run/static-middleware/-/static-middleware-0.4.5.tgz",
			"integrity": "sha512-jxEbrQMDWcUgmv/2NSv4pahvaW3I4jxqZUMDQ7/VfkcgeJKLFk15vgp4BJ5vLDKKMvwVcgM0Ccbw4Y3Ev2zemA==",
			"license": "MIT",
			"dependencies": {
				"@remix-run/fetch-router": "^0.18.0",
				"@remix-run/fs": "^0.4.2",
				"@remix-run/html-template": "^0.3.0",
				"@remix-run/mime": "^0.4.0",
				"@remix-run/response": "^0.3.2"
			}
		},
		"node_modules/@remix-run/tar-parser": {
			"version": "0.7.0",
			"resolved": "https://registry.npmjs.org/@remix-run/tar-parser/-/tar-parser-0.7.0.tgz",
			"integrity": "sha512-PW8JxEUzaGcnqxC5hBI8L9lK/Qz3oad6IGKZ+NExI3L7urVJUux+yCBrsme79DMBgS6hL+lgd/5LPFA5fSwF9A==",
			"license": "MIT"
		},
		"node_modules/@rolldown/binding-android-arm64": {
			"version": "1.0.0-rc.12",
			"resolved": "https://registry.npmjs.org/@rolldown/binding-android-arm64/-/binding-android-arm64-1.0.0-rc.12.tgz",
			"integrity": "sha512-pv1y2Fv0JybcykuiiD3qBOBdz6RteYojRFY1d+b95WVuzx211CRh+ytI/+9iVyWQ6koTh5dawe4S/yRfOFjgaA==",
			"cpu": [
				"arm64"
			],
			"dev": true,
			"license": "MIT",
			"optional": true,
			"os": [
				"android"
			],
			"engines": {
				"node": "^20.19.0 || >=22.12.0"
			}
		},
		"node_modules/@rolldown/binding-darwin-arm64": {
			"version": "1.0.0-rc.12",
			"resolved": "https://registry.npmjs.org/@rolldown/binding-darwin-arm64/-/binding-darwin-arm64-1.0.0-rc.12.tgz",
			"integrity": "sha512-cFYr6zTG/3PXXF3pUO+umXxt1wkRK/0AYT8lDwuqvRC+LuKYWSAQAQZjCWDQpAH172ZV6ieYrNnFzVVcnSflAg==",
			"cpu": [
				"arm64"
			],
			"dev": true,
			"license": "MIT",
			"optional": true,
			"os": [
				"darwin"
			],
			"engines": {
				"node": "^20.19.0 || >=22.12.0"
			}
		},
		"node_modules/@rolldown/binding-darwin-x64": {
			"version": "1.0.0-rc.12",
			"resolved": "https://registry.npmjs.org/@rolldown/binding-darwin-x64/-/binding-darwin-x64-1.0.0-rc.12.tgz",
			"integrity": "sha512-ZCsYknnHzeXYps0lGBz8JrF37GpE9bFVefrlmDrAQhOEi4IOIlcoU1+FwHEtyXGx2VkYAvhu7dyBf75EJQffBw==",
			"cpu": [
				"x64"
			],
			"dev": true,
			"license": "MIT",
			"optional": true,
			"os": [
				"darwin"
			],
			"engines": {
				"node": "^20.19.0 || >=22.12.0"
			}
		},
		"node_modules/@rolldown/binding-freebsd-x64": {
			"version": "1.0.0-rc.12",
			"resolved": "https://registry.npmjs.org/@rolldown/binding-freebsd-x64/-/binding-freebsd-x64-1.0.0-rc.12.tgz",
			"integrity": "sha512-dMLeprcVsyJsKolRXyoTH3NL6qtsT0Y2xeuEA8WQJquWFXkEC4bcu1rLZZSnZRMtAqwtrF/Ib9Ddtpa/Gkge9Q==",
			"cpu": [
				"x64"
			],
			"dev": true,
			"license": "MIT",
			"optional": true,
			"os": [
				"freebsd"
			],
			"engines": {
				"node": "^20.19.0 || >=22.12.0"
			}
		},
		"node_modules/@rolldown/binding-linux-arm-gnueabihf": {
			"version": "1.0.0-rc.12",
			"resolved": "https://registry.npmjs.org/@rolldown/binding-linux-arm-gnueabihf/-/binding-linux-arm-gnueabihf-1.0.0-rc.12.tgz",
			"integrity": "sha512-YqWjAgGC/9M1lz3GR1r1rP79nMgo3mQiiA+Hfo+pvKFK1fAJ1bCi0ZQVh8noOqNacuY1qIcfyVfP6HoyBRZ85Q==",
			"cpu": [
				"arm"
			],
			"dev": true,
			"license": "MIT",
			"optional": true,
			"os": [
				"linux"
			],
			"engines": {
				"node": "^20.19.0 || >=22.12.0"
			}
		},
		"node_modules/@rolldown/binding-linux-arm64-gnu": {
			"version": "1.0.0-rc.12",
			"resolved": "https://registry.npmjs.org/@rolldown/binding-linux-arm64-gnu/-/binding-linux-arm64-gnu-1.0.0-rc.12.tgz",
			"integrity": "sha512-/I5AS4cIroLpslsmzXfwbe5OmWvSsrFuEw3mwvbQ1kDxJ822hFHIx+vsN/TAzNVyepI/j/GSzrtCIwQPeKCLIg==",
			"cpu": [
				"arm64"
			],
			"dev": true,
			"license": "MIT",
			"optional": true,
			"os": [
				"linux"
			],
			"engines": {
				"node": "^20.19.0 || >=22.12.0"
			}
		},
		"node_modules/@rolldown/binding-linux-arm64-musl": {
			"version": "1.0.0-rc.12",
			"resolved": "https://registry.npmjs.org/@rolldown/binding-linux-arm64-musl/-/binding-linux-arm64-musl-1.0.0-rc.12.tgz",
			"integrity": "sha512-V6/wZztnBqlx5hJQqNWwFdxIKN0m38p8Jas+VoSfgH54HSj9tKTt1dZvG6JRHcjh6D7TvrJPWFGaY9UBVOaWPw==",
			"cpu": [
				"arm64"
			],
			"dev": true,
			"license": "MIT",
			"optional": true,
			"os": [
				"linux"
			],
			"engines": {
				"node": "^20.19.0 || >=22.12.0"
			}
		},
		"node_modules/@rolldown/binding-linux-ppc64-gnu": {
			"version": "1.0.0-rc.12",
			"resolved": "https://registry.npmjs.org/@rolldown/binding-linux-ppc64-gnu/-/binding-linux-ppc64-gnu-1.0.0-rc.12.tgz",
			"integrity": "sha512-AP3E9BpcUYliZCxa3w5Kwj9OtEVDYK6sVoUzy4vTOJsjPOgdaJZKFmN4oOlX0Wp0RPV2ETfmIra9x1xuayFB7g==",
			"cpu": [
				"ppc64"
			],
			"dev": true,
			"license": "MIT",
			"optional": true,
			"os": [
				"linux"
			],
			"engines": {
				"node": "^20.19.0 || >=22.12.0"
			}
		},
		"node_modules/@rolldown/binding-linux-s390x-gnu": {
			"version": "1.0.0-rc.12",
			"resolved": "https://registry.npmjs.org/@rolldown/binding-linux-s390x-gnu/-/binding-linux-s390x-gnu-1.0.0-rc.12.tgz",
			"integrity": "sha512-nWwpvUSPkoFmZo0kQazZYOrT7J5DGOJ/+QHHzjvNlooDZED8oH82Yg67HvehPPLAg5fUff7TfWFHQS8IV1n3og==",
			"cpu": [
				"s390x"
			],
			"dev": true,
			"license": "MIT",
			"optional": true,
			"os": [
				"linux"
			],
			"engines": {
				"node": "^20.19.0 || >=22.12.0"
			}
		},
		"node_modules/@rolldown/binding-linux-x64-gnu": {
			"version": "1.0.0-rc.12",
			"resolved": "https://registry.npmjs.org/@rolldown/binding-linux-x64-gnu/-/binding-linux-x64-gnu-1.0.0-rc.12.tgz",
			"integrity": "sha512-RNrafz5bcwRy+O9e6P8Z/OCAJW/A+qtBczIqVYwTs14pf4iV1/+eKEjdOUta93q2TsT/FI0XYDP3TCky38LMAg==",
			"cpu": [
				"x64"
			],
			"dev": true,
			"license": "MIT",
			"optional": true,
			"os": [
				"linux"
			],
			"engines": {
				"node": "^20.19.0 || >=22.12.0"
			}
		},
		"node_modules/@rolldown/binding-linux-x64-musl": {
			"version": "1.0.0-rc.12",
			"resolved": "https://registry.npmjs.org/@rolldown/binding-linux-x64-musl/-/binding-linux-x64-musl-1.0.0-rc.12.tgz",
			"integrity": "sha512-Jpw/0iwoKWx3LJ2rc1yjFrj+T7iHZn2JDg1Yny1ma0luviFS4mhAIcd1LFNxK3EYu3DHWCps0ydXQ5i/rrJ2ig==",
			"cpu": [
				"x64"
			],
			"dev": true,
			"license": "MIT",
			"optional": true,
			"os": [
				"linux"
			],
			"engines": {
				"node": "^20.19.0 || >=22.12.0"
			}
		},
		"node_modules/@rolldown/binding-openharmony-arm64": {
			"version": "1.0.0-rc.12",
			"resolved": "https://registry.npmjs.org/@rolldown/binding-openharmony-arm64/-/binding-openharmony-arm64-1.0.0-rc.12.tgz",
			"integrity": "sha512-vRugONE4yMfVn0+7lUKdKvN4D5YusEiPilaoO2sgUWpCvrncvWgPMzK00ZFFJuiPgLwgFNP5eSiUlv2tfc+lpA==",
			"cpu": [
				"arm64"
			],
			"dev": true,
			"license": "MIT",
			"optional": true,
			"os": [
				"openharmony"
			],
			"engines": {
				"node": "^20.19.0 || >=22.12.0"
			}
		},
		"node_modules/@rolldown/binding-wasm32-wasi": {
			"version": "1.0.0-rc.12",
			"resolved": "https://registry.npmjs.org/@rolldown/binding-wasm32-wasi/-/binding-wasm32-wasi-1.0.0-rc.12.tgz",
			"integrity": "sha512-ykGiLr/6kkiHc0XnBfmFJuCjr5ZYKKofkx+chJWDjitX+KsJuAmrzWhwyOMSHzPhzOHOy7u9HlFoa5MoAOJ/Zg==",
			"cpu": [
				"wasm32"
			],
			"dev": true,
			"license": "MIT",
			"optional": true,
			"dependencies": {
				"@napi-rs/wasm-runtime": "^1.1.1"
			},
			"engines": {
				"node": ">=14.0.0"
			}
		},
		"node_modules/@rolldown/binding-win32-arm64-msvc": {
			"version": "1.0.0-rc.12",
			"resolved": "https://registry.npmjs.org/@rolldown/binding-win32-arm64-msvc/-/binding-win32-arm64-msvc-1.0.0-rc.12.tgz",
			"integrity": "sha512-5eOND4duWkwx1AzCxadcOrNeighiLwMInEADT0YM7xeEOOFcovWZCq8dadXgcRHSf3Ulh1kFo/qvzoFiCLOL1Q==",
			"cpu": [
				"arm64"
			],
			"dev": true,
			"license": "MIT",
			"optional": true,
			"os": [
				"win32"
			],
			"engines": {
				"node": "^20.19.0 || >=22.12.0"
			}
		},
		"node_modules/@rolldown/binding-win32-x64-msvc": {
			"version": "1.0.0-rc.12",
			"resolved": "https://registry.npmjs.org/@rolldown/binding-win32-x64-msvc/-/binding-win32-x64-msvc-1.0.0-rc.12.tgz",
			"integrity": "sha512-PyqoipaswDLAZtot351MLhrlrh6lcZPo2LSYE+VDxbVk24LVKAGOuE4hb8xZQmrPAuEtTZW8E6D2zc5EUZX4Lw==",
			"cpu": [
				"x64"
			],
			"dev": true,
			"license": "MIT",
			"optional": true,
			"os": [
				"win32"
			],
			"engines": {
				"node": "^20.19.0 || >=22.12.0"
			}
		},
		"node_modules/@rolldown/pluginutils": {
			"version": "1.0.0-rc.12",
			"resolved": "https://registry.npmjs.org/@rolldown/pluginutils/-/pluginutils-1.0.0-rc.12.tgz",
			"integrity": "sha512-HHMwmarRKvoFsJorqYlFeFRzXZqCt2ETQlEDOb9aqssrnVBB1/+xgTGtuTrIk5vzLNX1MjMtTf7W9z3tsSbrxw==",
			"dev": true,
			"license": "MIT"
		},
		"node_modules/@standard-schema/spec": {
			"version": "1.1.0",
			"resolved": "https://registry.npmjs.org/@standard-schema/spec/-/spec-1.1.0.tgz",
			"integrity": "sha512-l2aFy5jALhniG5HgqrD6jXLi/rUWrKvqN/qJx6yoJsgKhblVd+iqqU4RCXavm/jPityDo5TCvKMnpjKnOriy0w==",
			"license": "MIT"
		},
		"node_modules/@tybys/wasm-util": {
			"version": "0.10.1",
			"resolved": "https://registry.npmjs.org/@tybys/wasm-util/-/wasm-util-0.10.1.tgz",
			"integrity": "sha512-9tTaPJLSiejZKx+Bmog4uSubteqTvFrVrURwkmHixBo0G4seD0zUxp98E1DzUBJxLQ3NPwXrGKDiVjwx/DpPsg==",
			"dev": true,
			"license": "MIT",
			"optional": true,
			"dependencies": {
				"tslib": "^2.4.0"
			}
		},
		"node_modules/@types/dom-navigation": {
			"version": "1.0.7",
			"resolved": "https://registry.npmjs.org/@types/dom-navigation/-/dom-navigation-1.0.7.tgz",
			"integrity": "sha512-Di4W+i2faYquHUnyWUg3bBQp5pTNvjDDA7mIYfD/1WlLgan6sKkeVjGbdL78K0CuNEk5Pfc/c0rfelwkz10mnQ==",
			"license": "MIT"
		},
		"node_modules/aws4fetch": {
			"version": "1.0.20",
			"resolved": "https://registry.npmjs.org/aws4fetch/-/aws4fetch-1.0.20.tgz",
			"integrity": "sha512-/djoAN709iY65ETD6LKCtyyEI04XIBP5xVvfmNxsEP0uJB5tyaGBztSryRr4HqMStr9R06PisQE7m9zDTXKu6g==",
			"license": "MIT"
		},
		"node_modules/detect-libc": {
			"version": "2.1.2",
			"resolved": "https://registry.npmjs.org/detect-libc/-/detect-libc-2.1.2.tgz",
			"integrity": "sha512-Btj2BOOO83o3WyH59e8MgXsxEQVcarkUOpEYrubB0urwnN10yQ364rsiByU11nZlqWYZm05i/of7io4mzihBtQ==",
			"dev": true,
			"license": "Apache-2.0",
			"engines": {
				"node": ">=8"
			}
		},
		"node_modules/fdir": {
			"version": "6.5.0",
			"resolved": "https://registry.npmjs.org/fdir/-/fdir-6.5.0.tgz",
			"integrity": "sha512-tIbYtZbucOs0BRGqPJkshJUYdL+SDH7dVM8gjy+ERp3WAUjLEFJE+02kanyHtwjWOnwrKYBiwAmM0p4kLJAnXg==",
			"dev": true,
			"license": "MIT",
			"engines": {
				"node": ">=12.0.0"
			},
			"peerDependencies": {
				"picomatch": "^3 || ^4"
			},
			"peerDependenciesMeta": {
				"picomatch": {
					"optional": true
				}
			}
		},
		"node_modules/fsevents": {
			"version": "2.3.3",
			"resolved": "https://registry.npmjs.org/fsevents/-/fsevents-2.3.3.tgz",
			"integrity": "sha512-5xoDfX+fL7faATnagmWPpbFtwh/R77WmMMqqHGS65C3vvB0YHrgF+B1YmZ3441tMj5n63k0212XNoJwzlhffQw==",
			"dev": true,
			"hasInstallScript": true,
			"license": "MIT",
			"optional": true,
			"os": [
				"darwin"
			],
			"engines": {
				"node": "^8.16.0 || ^10.6.0 || >=11.0.0"
			}
		},
		"node_modules/lightningcss": {
			"version": "1.32.0",
			"resolved": "https://registry.npmjs.org/lightningcss/-/lightningcss-1.32.0.tgz",
			"integrity": "sha512-NXYBzinNrblfraPGyrbPoD19C1h9lfI/1mzgWYvXUTe414Gz/X1FD2XBZSZM7rRTrMA8JL3OtAaGifrIKhQ5yQ==",
			"dev": true,
			"license": "MPL-2.0",
			"dependencies": {
				"detect-libc": "^2.0.3"
			},
			"engines": {
				"node": ">= 12.0.0"
			},
			"funding": {
				"type": "opencollective",
				"url": "https://opencollective.com/parcel"
			},
			"optionalDependencies": {
				"lightningcss-android-arm64": "1.32.0",
				"lightningcss-darwin-arm64": "1.32.0",
				"lightningcss-darwin-x64": "1.32.0",
				"lightningcss-freebsd-x64": "1.32.0",
				"lightningcss-linux-arm-gnueabihf": "1.32.0",
				"lightningcss-linux-arm64-gnu": "1.32.0",
				"lightningcss-linux-arm64-musl": "1.32.0",
				"lightningcss-linux-x64-gnu": "1.32.0",
				"lightningcss-linux-x64-musl": "1.32.0",
				"lightningcss-win32-arm64-msvc": "1.32.0",
				"lightningcss-win32-x64-msvc": "1.32.0"
			}
		},
		"node_modules/lightningcss-android-arm64": {
			"version": "1.32.0",
			"resolved": "https://registry.npmjs.org/lightningcss-android-arm64/-/lightningcss-android-arm64-1.32.0.tgz",
			"integrity": "sha512-YK7/ClTt4kAK0vo6w3X+Pnm0D2cf2vPHbhOXdoNti1Ga0al1P4TBZhwjATvjNwLEBCnKvjJc2jQgHXH0NEwlAg==",
			"cpu": [
				"arm64"
			],
			"dev": true,
			"license": "MPL-2.0",
			"optional": true,
			"os": [
				"android"
			],
			"engines": {
				"node": ">= 12.0.0"
			},
			"funding": {
				"type": "opencollective",
				"url": "https://opencollective.com/parcel"
			}
		},
		"node_modules/lightningcss-darwin-arm64": {
			"version": "1.32.0",
			"resolved": "https://registry.npmjs.org/lightningcss-darwin-arm64/-/lightningcss-darwin-arm64-1.32.0.tgz",
			"integrity": "sha512-RzeG9Ju5bag2Bv1/lwlVJvBE3q6TtXskdZLLCyfg5pt+HLz9BqlICO7LZM7VHNTTn/5PRhHFBSjk5lc4cmscPQ==",
			"cpu": [
				"arm64"
			],
			"dev": true,
			"license": "MPL-2.0",
			"optional": true,
			"os": [
				"darwin"
			],
			"engines": {
				"node": ">= 12.0.0"
			},
			"funding": {
				"type": "opencollective",
				"url": "https://opencollective.com/parcel"
			}
		},
		"node_modules/lightningcss-darwin-x64": {
			"version": "1.32.0",
			"resolved": "https://registry.npmjs.org/lightningcss-darwin-x64/-/lightningcss-darwin-x64-1.32.0.tgz",
			"integrity": "sha512-U+QsBp2m/s2wqpUYT/6wnlagdZbtZdndSmut/NJqlCcMLTWp5muCrID+K5UJ6jqD2BFshejCYXniPDbNh73V8w==",
			"cpu": [
				"x64"
			],
			"dev": true,
			"license": "MPL-2.0",
			"optional": true,
			"os": [
				"darwin"
			],
			"engines": {
				"node": ">= 12.0.0"
			},
			"funding": {
				"type": "opencollective",
				"url": "https://opencollective.com/parcel"
			}
		},
		"node_modules/lightningcss-freebsd-x64": {
			"version": "1.32.0",
			"resolved": "https://registry.npmjs.org/lightningcss-freebsd-x64/-/lightningcss-freebsd-x64-1.32.0.tgz",
			"integrity": "sha512-JCTigedEksZk3tHTTthnMdVfGf61Fky8Ji2E4YjUTEQX14xiy/lTzXnu1vwiZe3bYe0q+SpsSH/CTeDXK6WHig==",
			"cpu": [
				"x64"
			],
			"dev": true,
			"license": "MPL-2.0",
			"optional": true,
			"os": [
				"freebsd"
			],
			"engines": {
				"node": ">= 12.0.0"
			},
			"funding": {
				"type": "opencollective",
				"url": "https://opencollective.com/parcel"
			}
		},
		"node_modules/lightningcss-linux-arm-gnueabihf": {
			"version": "1.32.0",
			"resolved": "https://registry.npmjs.org/lightningcss-linux-arm-gnueabihf/-/lightningcss-linux-arm-gnueabihf-1.32.0.tgz",
			"integrity": "sha512-x6rnnpRa2GL0zQOkt6rts3YDPzduLpWvwAF6EMhXFVZXD4tPrBkEFqzGowzCsIWsPjqSK+tyNEODUBXeeVHSkw==",
			"cpu": [
				"arm"
			],
			"dev": true,
			"license": "MPL-2.0",
			"optional": true,
			"os": [
				"linux"
			],
			"engines": {
				"node": ">= 12.0.0"
			},
			"funding": {
				"type": "opencollective",
				"url": "https://opencollective.com/parcel"
			}
		},
		"node_modules/lightningcss-linux-arm64-gnu": {
			"version": "1.32.0",
			"resolved": "https://registry.npmjs.org/lightningcss-linux-arm64-gnu/-/lightningcss-linux-arm64-gnu-1.32.0.tgz",
			"integrity": "sha512-0nnMyoyOLRJXfbMOilaSRcLH3Jw5z9HDNGfT/gwCPgaDjnx0i8w7vBzFLFR1f6CMLKF8gVbebmkUN3fa/kQJpQ==",
			"cpu": [
				"arm64"
			],
			"dev": true,
			"license": "MPL-2.0",
			"optional": true,
			"os": [
				"linux"
			],
			"engines": {
				"node": ">= 12.0.0"
			},
			"funding": {
				"type": "opencollective",
				"url": "https://opencollective.com/parcel"
			}
		},
		"node_modules/lightningcss-linux-arm64-musl": {
			"version": "1.32.0",
			"resolved": "https://registry.npmjs.org/lightningcss-linux-arm64-musl/-/lightningcss-linux-arm64-musl-1.32.0.tgz",
			"integrity": "sha512-UpQkoenr4UJEzgVIYpI80lDFvRmPVg6oqboNHfoH4CQIfNA+HOrZ7Mo7KZP02dC6LjghPQJeBsvXhJod/wnIBg==",
			"cpu": [
				"arm64"
			],
			"dev": true,
			"license": "MPL-2.0",
			"optional": true,
			"os": [
				"linux"
			],
			"engines": {
				"node": ">= 12.0.0"
			},
			"funding": {
				"type": "opencollective",
				"url": "https://opencollective.com/parcel"
			}
		},
		"node_modules/lightningcss-linux-x64-gnu": {
			"version": "1.32.0",
			"resolved": "https://registry.npmjs.org/lightningcss-linux-x64-gnu/-/lightningcss-linux-x64-gnu-1.32.0.tgz",
			"integrity": "sha512-V7Qr52IhZmdKPVr+Vtw8o+WLsQJYCTd8loIfpDaMRWGUZfBOYEJeyJIkqGIDMZPwPx24pUMfwSxxI8phr/MbOA==",
			"cpu": [
				"x64"
			],
			"dev": true,
			"license": "MPL-2.0",
			"optional": true,
			"os": [
				"linux"
			],
			"engines": {
				"node": ">= 12.0.0"
			},
			"funding": {
				"type": "opencollective",
				"url": "https://opencollective.com/parcel"
			}
		},
		"node_modules/lightningcss-linux-x64-musl": {
			"version": "1.32.0",
			"resolved": "https://registry.npmjs.org/lightningcss-linux-x64-musl/-/lightningcss-linux-x64-musl-1.32.0.tgz",
			"integrity": "sha512-bYcLp+Vb0awsiXg/80uCRezCYHNg1/l3mt0gzHnWV9XP1W5sKa5/TCdGWaR/zBM2PeF/HbsQv/j2URNOiVuxWg==",
			"cpu": [
				"x64"
			],
			"dev": true,
			"license": "MPL-2.0",
			"optional": true,
			"os": [
				"linux"
			],
			"engines": {
				"node": ">= 12.0.0"
			},
			"funding": {
				"type": "opencollective",
				"url": "https://opencollective.com/parcel"
			}
		},
		"node_modules/lightningcss-win32-arm64-msvc": {
			"version": "1.32.0",
			"resolved": "https://registry.npmjs.org/lightningcss-win32-arm64-msvc/-/lightningcss-win32-arm64-msvc-1.32.0.tgz",
			"integrity": "sha512-8SbC8BR40pS6baCM8sbtYDSwEVQd4JlFTOlaD3gWGHfThTcABnNDBda6eTZeqbofalIJhFx0qKzgHJmcPTnGdw==",
			"cpu": [
				"arm64"
			],
			"dev": true,
			"license": "MPL-2.0",
			"optional": true,
			"os": [
				"win32"
			],
			"engines": {
				"node": ">= 12.0.0"
			},
			"funding": {
				"type": "opencollective",
				"url": "https://opencollective.com/parcel"
			}
		},
		"node_modules/lightningcss-win32-x64-msvc": {
			"version": "1.32.0",
			"resolved": "https://registry.npmjs.org/lightningcss-win32-x64-msvc/-/lightningcss-win32-x64-msvc-1.32.0.tgz",
			"integrity": "sha512-Amq9B/SoZYdDi1kFrojnoqPLxYhQ4Wo5XiL8EVJrVsB8ARoC1PWW6VGtT0WKCemjy8aC+louJnjS7U18x3b06Q==",
			"cpu": [
				"x64"
			],
			"dev": true,
			"license": "MPL-2.0",
			"optional": true,
			"os": [
				"win32"
			],
			"engines": {
				"node": ">= 12.0.0"
			},
			"funding": {
				"type": "opencollective",
				"url": "https://opencollective.com/parcel"
			}
		},
		"node_modules/nanoid": {
			"version": "3.3.11",
			"resolved": "https://registry.npmjs.org/nanoid/-/nanoid-3.3.11.tgz",
			"integrity": "sha512-N8SpfPUnUp1bK+PMYW8qSWdl9U+wwNWI4QKxOYDy9JAro3WMX7p2OeVRF9v+347pnakNevPmiHhNmZ2HbFA76w==",
			"dev": true,
			"funding": [
				{
					"type": "github",
					"url": "https://github.com/sponsors/ai"
				}
			],
			"license": "MIT",
			"bin": {
				"nanoid": "bin/nanoid.cjs"
			},
			"engines": {
				"node": "^10 || ^12 || ^13.7 || ^14 || >=15.0.1"
			}
		},
		"node_modules/picocolors": {
			"version": "1.1.1",
			"resolved": "https://registry.npmjs.org/picocolors/-/picocolors-1.1.1.tgz",
			"integrity": "sha512-xceH2snhtb5M9liqDsmEw56le376mTZkEX/jEb/RxNFyegNul7eNslCXP9FDj/Lcu0X8KEyMceP2ntpaHrDEVA==",
			"dev": true,
			"license": "ISC"
		},
		"node_modules/picomatch": {
			"version": "4.0.4",
			"resolved": "https://registry.npmjs.org/picomatch/-/picomatch-4.0.4.tgz",
			"integrity": "sha512-QP88BAKvMam/3NxH6vj2o21R6MjxZUAd6nlwAS/pnGvN9IVLocLHxGYIzFhg6fUQ+5th6P4dv4eW9jX3DSIj7A==",
			"dev": true,
			"license": "MIT",
			"engines": {
				"node": ">=12"
			},
			"funding": {
				"url": "https://github.com/sponsors/jonschlinkert"
			}
		},
		"node_modules/postcss": {
			"version": "8.5.8",
			"resolved": "https://registry.npmjs.org/postcss/-/postcss-8.5.8.tgz",
			"integrity": "sha512-OW/rX8O/jXnm82Ey1k44pObPtdblfiuWnrd8X7GJ7emImCOstunGbXUpp7HdBrFQX6rJzn3sPT397Wp5aCwCHg==",
			"dev": true,
			"funding": [
				{
					"type": "opencollective",
					"url": "https://opencollective.com/postcss/"
				},
				{
					"type": "tidelift",
					"url": "https://tidelift.com/funding/github/npm/postcss"
				},
				{
					"type": "github",
					"url": "https://github.com/sponsors/ai"
				}
			],
			"license": "MIT",
			"dependencies": {
				"nanoid": "^3.3.11",
				"picocolors": "^1.1.1",
				"source-map-js": "^1.2.1"
			},
			"engines": {
				"node": "^10 || ^12 || >=14"
			}
		},
		"node_modules/remix": {
			"version": "3.0.0-alpha.4",
			"resolved": "https://registry.npmjs.org/remix/-/remix-3.0.0-alpha.4.tgz",
			"integrity": "sha512-fvYHPm8QbrbL09wmmddrnknyntB+fl4bLmpECpK32cOoJW3pMoMvESBB1qRAQe+yWgTexVjp5G3BGOmmtYOX0A==",
			"license": "MIT",
			"dependencies": {
				"@remix-run/async-context-middleware": "^0.2.0",
				"@remix-run/auth": "^0.1.0",
				"@remix-run/auth-middleware": "^0.1.0",
				"@remix-run/component": "^0.6.0",
				"@remix-run/compression-middleware": "^0.1.4",
				"@remix-run/cookie": "^0.5.1",
				"@remix-run/cop-middleware": "^0.1.0",
				"@remix-run/cors-middleware": "^0.1.0",
				"@remix-run/csrf-middleware": "^0.1.0",
				"@remix-run/data-schema": "^0.2.0",
				"@remix-run/data-table": "^0.2.0",
				"@remix-run/data-table-mysql": "^0.2.0",
				"@remix-run/data-table-postgres": "^0.2.0",
				"@remix-run/data-table-sqlite": "^0.2.0",
				"@remix-run/fetch-proxy": "^0.7.1",
				"@remix-run/fetch-router": "^0.18.0",
				"@remix-run/file-storage": "^0.13.3",
				"@remix-run/file-storage-s3": "^0.1.0",
				"@remix-run/form-data-middleware": "^0.2.0",
				"@remix-run/form-data-parser": "^0.16.0",
				"@remix-run/fs": "^0.4.2",
				"@remix-run/headers": "^0.19.0",
				"@remix-run/html-template": "^0.3.0",
				"@remix-run/lazy-file": "^5.0.2",
				"@remix-run/logger-middleware": "^0.1.4",
				"@remix-run/method-override-middleware": "^0.1.5",
				"@remix-run/mime": "^0.4.0",
				"@remix-run/multipart-parser": "^0.15.0",
				"@remix-run/node-fetch-server": "^0.13.0",
				"@remix-run/response": "^0.3.2",
				"@remix-run/route-pattern": "^0.20.0",
				"@remix-run/session": "^0.4.1",
				"@remix-run/session-middleware": "^0.2.0",
				"@remix-run/session-storage-memcache": "^0.1.0",
				"@remix-run/session-storage-redis": "^0.1.0",
				"@remix-run/static-middleware": "^0.4.5",
				"@remix-run/tar-parser": "^0.7.0"
			}
		},
		"node_modules/rolldown": {
			"version": "1.0.0-rc.12",
			"resolved": "https://registry.npmjs.org/rolldown/-/rolldown-1.0.0-rc.12.tgz",
			"integrity": "sha512-yP4USLIMYrwpPHEFB5JGH1uxhcslv6/hL0OyvTuY+3qlOSJvZ7ntYnoWpehBxufkgN0cvXxppuTu5hHa/zPh+A==",
			"dev": true,
			"license": "MIT",
			"dependencies": {
				"@oxc-project/types": "=0.122.0",
				"@rolldown/pluginutils": "1.0.0-rc.12"
			},
			"bin": {
				"rolldown": "bin/cli.mjs"
			},
			"engines": {
				"node": "^20.19.0 || >=22.12.0"
			},
			"optionalDependencies": {
				"@rolldown/binding-android-arm64": "1.0.0-rc.12",
				"@rolldown/binding-darwin-arm64": "1.0.0-rc.12",
				"@rolldown/binding-darwin-x64": "1.0.0-rc.12",
				"@rolldown/binding-freebsd-x64": "1.0.0-rc.12",
				"@rolldown/binding-linux-arm-gnueabihf": "1.0.0-rc.12",
				"@rolldown/binding-linux-arm64-gnu": "1.0.0-rc.12",
				"@rolldown/binding-linux-arm64-musl": "1.0.0-rc.12",
				"@rolldown/binding-linux-ppc64-gnu": "1.0.0-rc.12",
				"@rolldown/binding-linux-s390x-gnu": "1.0.0-rc.12",
				"@rolldown/binding-linux-x64-gnu": "1.0.0-rc.12",
				"@rolldown/binding-linux-x64-musl": "1.0.0-rc.12",
				"@rolldown/binding-openharmony-arm64": "1.0.0-rc.12",
				"@rolldown/binding-wasm32-wasi": "1.0.0-rc.12",
				"@rolldown/binding-win32-arm64-msvc": "1.0.0-rc.12",
				"@rolldown/binding-win32-x64-msvc": "1.0.0-rc.12"
			}
		},
		"node_modules/source-map-js": {
			"version": "1.2.1",
			"resolved": "https://registry.npmjs.org/source-map-js/-/source-map-js-1.2.1.tgz",
			"integrity": "sha512-UXWMKhLOwVKb728IUtQPXxfYU+usdybtUrK/8uGE8CQMvrhOpwvzDBwj0QhSL7MQc7vIsISBG8VQ8+IDQxpfQA==",
			"dev": true,
			"license": "BSD-3-Clause",
			"engines": {
				"node": ">=0.10.0"
			}
		},
		"node_modules/tinyglobby": {
			"version": "0.2.15",
			"resolved": "https://registry.npmjs.org/tinyglobby/-/tinyglobby-0.2.15.tgz",
			"integrity": "sha512-j2Zq4NyQYG5XMST4cbs02Ak8iJUdxRM0XI5QyxXuZOzKOINmWurp3smXu3y5wDcJrptwpSjgXHzIQxR0omXljQ==",
			"dev": true,
			"license": "MIT",
			"dependencies": {
				"fdir": "^6.5.0",
				"picomatch": "^4.0.3"
			},
			"engines": {
				"node": ">=12.0.0"
			},
			"funding": {
				"url": "https://github.com/sponsors/SuperchupuDev"
			}
		},
		"node_modules/tslib": {
			"version": "2.8.1",
			"resolved": "https://registry.npmjs.org/tslib/-/tslib-2.8.1.tgz",
			"integrity": "sha512-oJFu94HQb+KVduSUQL7wnpmqnfmLsOA/nAh6b6EH0wCEoK0/mPeXU6c3wKDV83MkOuHPRHtSXKKU99IBazS/2w==",
			"dev": true,
			"license": "0BSD",
			"optional": true
		},
		"node_modules/typescript": {
			"version": "5.9.3",
			"resolved": "https://registry.npmjs.org/typescript/-/typescript-5.9.3.tgz",
			"integrity": "sha512-jl1vZzPDinLr9eUt3J/t7V6FgNEw9QjvBPdysz9KfQDD41fQrC2Y4vKQdiaUpFT4bXlb1RHhLpp8wtm6M5TgSw==",
			"dev": true,
			"license": "Apache-2.0",
			"bin": {
				"tsc": "bin/tsc",
				"tsserver": "bin/tsserver"
			},
			"engines": {
				"node": ">=14.17"
			}
		},
		"node_modules/vite": {
			"version": "8.0.3",
			"resolved": "https://registry.npmjs.org/vite/-/vite-8.0.3.tgz",
			"integrity": "sha512-B9ifbFudT1TFhfltfaIPgjo9Z3mDynBTJSUYxTjOQruf/zHH+ezCQKcoqO+h7a9Pw9Nm/OtlXAiGT1axBgwqrQ==",
			"dev": true,
			"license": "MIT",
			"dependencies": {
				"lightningcss": "^1.32.0",
				"picomatch": "^4.0.4",
				"postcss": "^8.5.8",
				"rolldown": "1.0.0-rc.12",
				"tinyglobby": "^0.2.15"
			},
			"bin": {
				"vite": "bin/vite.js"
			},
			"engines": {
				"node": "^20.19.0 || >=22.12.0"
			},
			"funding": {
				"url": "https://github.com/vitejs/vite?sponsor=1"
			},
			"optionalDependencies": {
				"fsevents": "~2.3.3"
			},
			"peerDependencies": {
				"@types/node": "^20.19.0 || >=22.12.0",
				"@vitejs/devtools": "^0.1.0",
				"esbuild": "^0.27.0",
				"jiti": ">=1.21.0",
				"less": "^4.0.0",
				"sass": "^1.70.0",
				"sass-embedded": "^1.70.0",
				"stylus": ">=0.54.8",
				"sugarss": "^5.0.0",
				"terser": "^5.16.0",
				"tsx": "^4.8.1",
				"yaml": "^2.4.2"
			},
			"peerDependenciesMeta": {
				"@types/node": {
					"optional": true
				},
				"@vitejs/devtools": {
					"optional": true
				},
				"esbuild": {
					"optional": true
				},
				"jiti": {
					"optional": true
				},
				"less": {
					"optional": true
				},
				"sass": {
					"optional": true
				},
				"sass-embedded": {
					"optional": true
				},
				"stylus": {
					"optional": true
				},
				"sugarss": {
					"optional": true
				},
				"terser": {
					"optional": true
				},
				"tsx": {
					"optional": true
				},
				"yaml": {
					"optional": true
				}
			}
		}
	}
}
